
Microsoft Visual Studio Solution File, Format Version 12.00
# Visual Studio Version 16
VisualStudioVersion = 16.0.29403.142
MinimumVisualStudioVersion = 10.0.40219.1
Project("{F184B08F-C81C-45F6-A57F-5ABD9991F28F}") = "EPS-Advance", "EPS-Advance\EPS-Advance.vbproj", "{61CD8199-5D18-425C-BC20-C3F324DF31B6}"
EndProject
Global
	GlobalSection(SolutionConfigurationPlatforms) = preSolution
		Debug|Any CPU = Debug|Any CPU
		Release|Any CPU = Release|Any CPU
	EndGlobalSection
	GlobalSection(ProjectConfigurationPlatforms) = postSolution
		{61CD8199-5D18-425C-BC20-C3F324DF31B6}.Debug|Any CPU.ActiveCfg = Debug|Any CPU
		{61CD8199-5D18-425C-BC20-C3F324DF31B6}.Debug|Any CPU.Build.0 = Debug|Any CPU
		{61CD8199-5D18-425C-BC20-C3F324DF31B6}.Release|Any CPU.ActiveCfg = Release|Any CPU
		{61CD8199-5D18-425C-BC20-C3F324DF31B6}.Release|Any CPU.Build.0 = Release|Any CPU
	EndGlobalSection
	GlobalSection(SolutionProperties) = preSolution
		HideSolutionNode = FALSE
	EndGlobalSection
	GlobalSection(ExtensibilityGlobals) = postSolution
		SolutionGuid = {F368A556-5D70-4997-9F6A-260C9DECF53C}
	EndGlobalSection
EndGlobal
